
Microsoft Visual Studio Solution File, Format Version 12.00
# Visual Studio 15
VisualStudioVersion = 15.0.28010.2036
MinimumVisualStudioVersion = 10.0.40219.1
Project("{FAE04EC0-301F-11D3-BF4B-00C04F79EFBC}") = "cvdesain", "cvdesain\cvdesain.csproj", "{04A1AB2C-1FBA-4136-BCB7-26E4A172B983}"
EndProject
Global
	GlobalSection(SolutionConfigurationPlatforms) = preSolution
		Debug|Any CPU = Debug|Any CPU
		Release|Any CPU = Release|Any CPU
	EndGlobalSection
	GlobalSection(ProjectConfigurationPlatforms) = postSolution
		{04A1AB2C-1FBA-4136-BCB7-26E4A172B983}.Debug|Any CPU.ActiveCfg = Debug|Any CPU
		{04A1AB2C-1FBA-4136-BCB7-26E4A172B983}.Debug|Any CPU.Build.0 = Debug|Any CPU
		{04A1AB2C-1FBA-4136-BCB7-26E4A172B983}.Release|Any CPU.ActiveCfg = Release|Any CPU
		{04A1AB2C-1FBA-4136-BCB7-26E4A172B983}.Release|Any CPU.Build.0 = Release|Any CPU
	EndGlobalSection
	GlobalSection(SolutionProperties) = preSolution
		HideSolutionNode = FALSE
	EndGlobalSection
	GlobalSection(ExtensibilityGlobals) = postSolution
		SolutionGuid = {44AE906D-BC84-4E6B-9E28-B70E3CE0552A}
	EndGlobalSection
EndGlobal
